
Microsoft Visual Studio Solution File, Format Version 12.00
# Visual Studio Version 17
VisualStudioVersion = 17.7.34024.191
MinimumVisualStudioVersion = 10.0.40219.1
Project("{9A19103F-16F7-4668-BE54-9A1E7A4F7556}") = "cis237-inclass-5", "cis237-inclass-5\cis237-inclass-5.csproj", "{1F8A01C2-E3D9-4FAE-B016-AFF23E1EECFC}"
EndProject
Global
	GlobalSection(SolutionConfigurationPlatforms) = preSolution
		Debug|Any CPU = Debug|Any CPU
		Release|Any CPU = Release|Any CPU
	EndGlobalSection
	GlobalSection(ProjectConfigurationPlatforms) = postSolution
		{1F8A01C2-E3D9-4FAE-B016-AFF23E1EECFC}.Debug|Any CPU.ActiveCfg = Debug|Any CPU
		{1F8A01C2-E3D9-4FAE-B016-AFF23E1EECFC}.Debug|Any CPU.Build.0 = Debug|Any CPU
		{1F8A01C2-E3D9-4FAE-B016-AFF23E1EECFC}.Release|Any CPU.ActiveCfg = Release|Any CPU
		{1F8A01C2-E3D9-4FAE-B016-AFF23E1EECFC}.Release|Any CPU.Build.0 = Release|Any CPU
	EndGlobalSection
	GlobalSection(SolutionProperties) = preSolution
		HideSolutionNode = FALSE
	EndGlobalSection
	GlobalSection(ExtensibilityGlobals) = postSolution
		SolutionGuid = {79139D56-F713-4A9D-AAD9-40334ACE60F4}
	EndGlobalSection
EndGlobal
